
Microsoft Visual Studio Solution File, Format Version 12.00
# Visual Studio Version 17
VisualStudioVersion = 17.4.33103.184
MinimumVisualStudioVersion = 10.0.40219.1
Project("{FAE04EC0-301F-11D3-BF4B-00C04F79EFBC}") = "Durak_0.2", "Durak_0.2\Durak_0.2.csproj", "{79EF49EB-60DE-487E-A00B-136ECF27B269}"
EndProject
Global
	GlobalSection(SolutionConfigurationPlatforms) = preSolution
		Debug|Any CPU = Debug|Any CPU
		Release|Any CPU = Release|Any CPU
	EndGlobalSection
	GlobalSection(ProjectConfigurationPlatforms) = postSolution
		{79EF49EB-60DE-487E-A00B-136ECF27B269}.Debug|Any CPU.ActiveCfg = Debug|Any CPU
		{79EF49EB-60DE-487E-A00B-136ECF27B269}.Debug|Any CPU.Build.0 = Debug|Any CPU
		{79EF49EB-60DE-487E-A00B-136ECF27B269}.Release|Any CPU.ActiveCfg = Release|Any CPU
		{79EF49EB-60DE-487E-A00B-136ECF27B269}.Release|Any CPU.Build.0 = Release|Any CPU
	EndGlobalSection
	GlobalSection(SolutionProperties) = preSolution
		HideSolutionNode = FALSE
	EndGlobalSection
	GlobalSection(ExtensibilityGlobals) = postSolution
		SolutionGuid = {D6B02ECF-978B-4AD6-8D8C-43A582E7085B}
	EndGlobalSection
EndGlobal
